
Microsoft Visual Studio Solution File, Format Version 12.00
# Visual Studio Version 17
VisualStudioVersion = 17.3.32922.545
MinimumVisualStudioVersion = 10.0.40219.1
Project("{FAE04EC0-301F-11D3-BF4B-00C04F79EFBC}") = "List-LinkedList", "List-LinkedList.csproj", "{E4860E0B-A647-4045-A566-2E6BF526D28F}"
EndProject
Global
	GlobalSection(SolutionConfigurationPlatforms) = preSolution
		Debug|Any CPU = Debug|Any CPU
		Release|Any CPU = Release|Any CPU
	EndGlobalSection
	GlobalSection(ProjectConfigurationPlatforms) = postSolution
		{E4860E0B-A647-4045-A566-2E6BF526D28F}.Debug|Any CPU.ActiveCfg = Debug|Any CPU
		{E4860E0B-A647-4045-A566-2E6BF526D28F}.Debug|Any CPU.Build.0 = Debug|Any CPU
		{E4860E0B-A647-4045-A566-2E6BF526D28F}.Release|Any CPU.ActiveCfg = Release|Any CPU
		{E4860E0B-A647-4045-A566-2E6BF526D28F}.Release|Any CPU.Build.0 = Release|Any CPU
	EndGlobalSection
	GlobalSection(SolutionProperties) = preSolution
		HideSolutionNode = FALSE
	EndGlobalSection
	GlobalSection(ExtensibilityGlobals) = postSolution
		SolutionGuid = {699DDFBD-7365-4C56-98D6-159A0720D9C8}
	EndGlobalSection
EndGlobal
